
Microsoft Visual Studio Solution File, Format Version 12.00
# Visual Studio 2012
Project("{FAE04EC0-301F-11D3-BF4B-00C04F79EFBC}") = "LinqExamples", "LinqExamples\LinqExamples.csproj", "{1F7CCB89-2789-442D-9968-0198405806BC}"
EndProject
Project("{FAE04EC0-301F-11D3-BF4B-00C04F79EFBC}") = "Main", "Main\Main.csproj", "{926C4F84-8255-4181-A317-B34C4D63C0A5}"
	ProjectSection(ProjectDependencies) = postProject
		{1F7CCB89-2789-442D-9968-0198405806BC} = {1F7CCB89-2789-442D-9968-0198405806BC}
	EndProjectSection
EndProject
Project("{FAE04EC0-301F-11D3-BF4B-00C04F79EFBC}") = "Tests", "Tests\Tests.csproj", "{23BD3A8E-0A55-46E6-8E6C-23806BA702DC}"
EndProject
Global
	GlobalSection(SolutionConfigurationPlatforms) = preSolution
		Debug|Any CPU = Debug|Any CPU
		Release|Any CPU = Release|Any CPU
	EndGlobalSection
	GlobalSection(ProjectConfigurationPlatforms) = postSolution
		{1F7CCB89-2789-442D-9968-0198405806BC}.Debug|Any CPU.ActiveCfg = Debug|Any CPU
		{1F7CCB89-2789-442D-9968-0198405806BC}.Debug|Any CPU.Build.0 = Debug|Any CPU
		{1F7CCB89-2789-442D-9968-0198405806BC}.Release|Any CPU.ActiveCfg = Release|Any CPU
		{1F7CCB89-2789-442D-9968-0198405806BC}.Release|Any CPU.Build.0 = Release|Any CPU
		{926C4F84-8255-4181-A317-B34C4D63C0A5}.Debug|Any CPU.ActiveCfg = Debug|Any CPU
		{926C4F84-8255-4181-A317-B34C4D63C0A5}.Debug|Any CPU.Build.0 = Debug|Any CPU
		{926C4F84-8255-4181-A317-B34C4D63C0A5}.Release|Any CPU.ActiveCfg = Release|Any CPU
		{926C4F84-8255-4181-A317-B34C4D63C0A5}.Release|Any CPU.Build.0 = Release|Any CPU
		{23BD3A8E-0A55-46E6-8E6C-23806BA702DC}.Debug|Any CPU.ActiveCfg = Debug|Any CPU
		{23BD3A8E-0A55-46E6-8E6C-23806BA702DC}.Debug|Any CPU.Build.0 = Debug|Any CPU
		{23BD3A8E-0A55-46E6-8E6C-23806BA702DC}.Release|Any CPU.ActiveCfg = Release|Any CPU
		{23BD3A8E-0A55-46E6-8E6C-23806BA702DC}.Release|Any CPU.Build.0 = Release|Any CPU
	EndGlobalSection
	GlobalSection(SolutionProperties) = preSolution
		HideSolutionNode = FALSE
	EndGlobalSection
EndGlobal
